{
  "name": "@author.io/shell",
  "version": "1.6.3",
  "lockfileVersion": 1,
  "requires": true,
  "dependencies": {
    "@author.io/arg": {
      "version": "1.3.6",
      "resolved": "https://registry.npmjs.org/@author.io/arg/-/arg-1.3.6.tgz",
      "integrity": "sha512-mWY/p0JzTv8qEcIWL0PvZLv28+H23Pkp0qR/M6agJpPl7TDWiA10CB2AABJAionN517fNK7fAdYazVrO2axlLA=="
    },
    "@author.io/table": {
      "version": "1.0.3",
      "resolved": "https://registry.npmjs.org/@author.io/table/-/table-1.0.3.tgz",
      "integrity": "sha512-JnsndB8kzcyLwYp42teOpdICCP4KZHmzOlFnL/uxfQCxGrQKEIH8Occq8LFQXO7OKri/tOYG5mOhrWxxuoRyzw=="
    }
  }
}
