{
  "name": "@author.io/shell",
  "version": "1.1.2",
  "lockfileVersion": 1,
  "requires": true,
  "dependencies": {
    "@author.io/arg": {
      "version": "1.2.3",
      "resolved": "https://registry.npmjs.org/@author.io/arg/-/arg-1.2.3.tgz",
      "integrity": "sha512-NrLgg937mG4StlbehW8Zu2z60AlIVrBs2w0yorLC/Oh1H/cEidLuyYM96txkglZcTs1IKiojejYtlnZOdJesFg=="
    }
  }
}
