{
  "name": "@author.io/shell",
  "version": "1.0.8",
  "lockfileVersion": 1,
  "requires": true,
  "dependencies": {
    "@author.io/arg": {
      "version": "1.1.1",
      "resolved": "https://registry.npmjs.org/@author.io/arg/-/arg-1.1.1.tgz",
      "integrity": "sha512-CuJyUmtxN/z0jKZVHb/oXCQ5NlKLCz5kZzdhatsmqtXt7oiKLZQfnB16BAfdk+MYgLlEL3Wj2i8HCRHMCcLzuA=="
    }
  }
}
